
Microsoft Visual Studio Solution File, Format Version 12.00
# Visual Studio Version 17
VisualStudioVersion = 17.9.34723.18
MinimumVisualStudioVersion = 10.0.40219.1
Project("{FAE04EC0-301F-11D3-BF4B-00C04F79EFBC}") = "PIT_Lab4", "PIT_Lab4\PIT_Lab4.csproj", "{9D8A708B-184E-4CC5-BEE2-CBFCB81C1A69}"
EndProject
Global
	GlobalSection(SolutionConfigurationPlatforms) = preSolution
		Debug|Any CPU = Debug|Any CPU
		Release|Any CPU = Release|Any CPU
	EndGlobalSection
	GlobalSection(ProjectConfigurationPlatforms) = postSolution
		{9D8A708B-184E-4CC5-BEE2-CBFCB81C1A69}.Debug|Any CPU.ActiveCfg = Debug|Any CPU
		{9D8A708B-184E-4CC5-BEE2-CBFCB81C1A69}.Debug|Any CPU.Build.0 = Debug|Any CPU
		{9D8A708B-184E-4CC5-BEE2-CBFCB81C1A69}.Release|Any CPU.ActiveCfg = Release|Any CPU
		{9D8A708B-184E-4CC5-BEE2-CBFCB81C1A69}.Release|Any CPU.Build.0 = Release|Any CPU
	EndGlobalSection
	GlobalSection(SolutionProperties) = preSolution
		HideSolutionNode = FALSE
	EndGlobalSection
	GlobalSection(ExtensibilityGlobals) = postSolution
		SolutionGuid = {E39CEB0A-6F7B-419E-9C1A-6C0B5F697955}
	EndGlobalSection
EndGlobal
